
Microsoft Visual Studio Solution File, Format Version 12.00
# Visual Studio Version 17
VisualStudioVersion = 17.5.002.0
MinimumVisualStudioVersion = 10.0.40219.1
Project("{9A19103F-16F7-4668-BE54-9A1E7A4F7556}") = "llm-dotnet", "llm-dotnet.csproj", "{DBA7112B-6DEA-439F-A767-A0F30A67BAD3}"
EndProject
Global
	GlobalSection(SolutionConfigurationPlatforms) = preSolution
		Debug|Any CPU = Debug|Any CPU
		Release|Any CPU = Release|Any CPU
	EndGlobalSection
	GlobalSection(ProjectConfigurationPlatforms) = postSolution
		{DBA7112B-6DEA-439F-A767-A0F30A67BAD3}.Debug|Any CPU.ActiveCfg = Debug|Any CPU
		{DBA7112B-6DEA-439F-A767-A0F30A67BAD3}.Debug|Any CPU.Build.0 = Debug|Any CPU
		{DBA7112B-6DEA-439F-A767-A0F30A67BAD3}.Release|Any CPU.ActiveCfg = Release|Any CPU
		{DBA7112B-6DEA-439F-A767-A0F30A67BAD3}.Release|Any CPU.Build.0 = Release|Any CPU
	EndGlobalSection
	GlobalSection(SolutionProperties) = preSolution
		HideSolutionNode = FALSE
	EndGlobalSection
	GlobalSection(ExtensibilityGlobals) = postSolution
		SolutionGuid = {08DB8875-821C-467C-A88A-62D206D896CA}
	EndGlobalSection
EndGlobal
